
Microsoft Visual Studio Solution File, Format Version 12.00
# Visual Studio Version 16
VisualStudioVersion = 16.0.29001.49
MinimumVisualStudioVersion = 10.0.40219.1
Project("{FAE04EC0-301F-11D3-BF4B-00C04F79EFBC}") = "PartialPurge", "PartialPurge\PartialPurge.csproj", "{C8CED318-C20F-47DA-9F21-BC09338C4C3A}"
EndProject
Global
	GlobalSection(SolutionConfigurationPlatforms) = preSolution
		Debug|Any CPU = Debug|Any CPU
		Release|Any CPU = Release|Any CPU
	EndGlobalSection
	GlobalSection(ProjectConfigurationPlatforms) = postSolution
		{C8CED318-C20F-47DA-9F21-BC09338C4C3A}.Debug|Any CPU.ActiveCfg = Debug|Any CPU
		{C8CED318-C20F-47DA-9F21-BC09338C4C3A}.Debug|Any CPU.Build.0 = Debug|Any CPU
		{C8CED318-C20F-47DA-9F21-BC09338C4C3A}.Release|Any CPU.ActiveCfg = Release|Any CPU
		{C8CED318-C20F-47DA-9F21-BC09338C4C3A}.Release|Any CPU.Build.0 = Release|Any CPU
	EndGlobalSection
	GlobalSection(SolutionProperties) = preSolution
		HideSolutionNode = FALSE
	EndGlobalSection
	GlobalSection(ExtensibilityGlobals) = postSolution
		SolutionGuid = {1EA09CD1-D7B3-40E3-AF05-1AAE486078FC}
	EndGlobalSection
EndGlobal
